{
  "name": "@red-hat-developer-hub/lightspeed-playwright-e2e",
  "version": "0.1.0",
  "lockfileVersion": 3,
  "requires": true,
  "packages": {
    "": {
      "name": "@red-hat-developer-hub/lightspeed-playwright-e2e",
      "version": "0.1.0",
      "license": "Apache-2.0",
      "dependencies": {
        "@axe-core/playwright": "^4.10.0",
        "@backstage/core-plugin-api": "^1.12.4"
      },
      "devDependencies": {
        "@playwright/test": "1.58.2",
        "@types/node": "^22.0.0",
        "typescript": "~5.8.0"
      },
      "peerDependencies": {
        "@playwright/test": "^1.58.0"
      }
    },
    "node_modules/@axe-core/playwright": {
      "version": "4.11.2",
      "resolved": "https://registry.npmjs.org/@axe-core/playwright/-/playwright-4.11.2.tgz",
      "integrity": "sha512-iP6hfNl9G0j/SEUSo8M7D80RbcDo9KRAAfDP4IT5OHB+Wm6zUHIrm8Y51BKI+Oyqduvipf9u1hcRy57zCBKzWQ==",
      "license": "MPL-2.0",
      "dependencies": {
        "axe-core": "~4.11.3"
      },
      "peerDependencies": {
        "playwright-core": ">= 1.0.0"
      }
    },
    "node_modules/@babel/runtime": {
      "version": "7.29.2",
      "resolved": "https://registry.npmjs.org/@babel/runtime/-/runtime-7.29.2.tgz",
      "integrity": "sha512-JiDShH45zKHWyGe4ZNVRrCjBz8Nh9TMmZG1kh4QTK8hCBTWBi8Da+i7s1fJw7/lYpM4ccepSNfqzZ/QvABBi5g==",
      "license": "MIT",
      "engines": {
        "node": ">=6.9.0"
      }
    },
    "node_modules/@backstage/config": {
      "version": "1.3.7",
      "resolved": "https://registry.npmjs.org/@backstage/config/-/config-1.3.7.tgz",
      "integrity": "sha512-vT2PE+R9Yt9i/nwtReKVtvXSB5vEdxwhtwHuIy5+TyDB8i9fBPdBN0pedy+iQsaTCXcDWcq/lLHaJ3t1nKc8MQ==",
      "license": "Apache-2.0",
      "dependencies": {
        "@backstage/errors": "^1.3.0",
        "@backstage/types": "^1.2.2",
        "ms": "^2.1.3"
      }
    },
    "node_modules/@backstage/core-plugin-api": {
      "version": "1.12.5",
      "resolved": "https://registry.npmjs.org/@backstage/core-plugin-api/-/core-plugin-api-1.12.5.tgz",
      "integrity": "sha512-2SJFXbKXiGd0/hxsL0WoMyccMs26Vm3C91RJTXc0cvaWCcCVpbtNWrd0b8KBE/1RJJoE+FfdsyYXBJScZmCVXg==",
      "license": "Apache-2.0",
      "dependencies": {
        "@backstage/config": "^1.3.7",
        "@backstage/errors": "^1.3.0",
        "@backstage/frontend-plugin-api": "^0.16.0",
        "@backstage/types": "^1.2.2",
        "@backstage/version-bridge": "^1.0.12",
        "history": "^5.0.0",
        "zod": "^3.25.76 || ^4.0.0"
      },
      "peerDependencies": {
        "@types/react": "^17.0.0 || ^18.0.0",
        "react": "^17.0.0 || ^18.0.0",
        "react-dom": "^17.0.0 || ^18.0.0",
        "react-router-dom": "^6.30.2"
      },
      "peerDependenciesMeta": {
        "@types/react": {
          "optional": true
        }
      }
    },
    "node_modules/@backstage/errors": {
      "version": "1.3.0",
      "resolved": "https://registry.npmjs.org/@backstage/errors/-/errors-1.3.0.tgz",
      "integrity": "sha512-l12MWUDWfoVg0YFjrPbwR7R5OlLSma7n5bQSwmtk5WS6JVQVWhZzMCOvGR6tF8qae/pAjaDGHM5+saTAYAjf/w==",
      "license": "Apache-2.0",
      "dependencies": {
        "@backstage/types": "^1.2.2",
        "serialize-error": "^8.0.1"
      }
    },
    "node_modules/@backstage/filter-predicates": {
      "version": "0.1.2",
      "resolved": "https://registry.npmjs.org/@backstage/filter-predicates/-/filter-predicates-0.1.2.tgz",
      "integrity": "sha512-2+bFlIyUHhtsd3H1K0vKjLgP0ZtlctSCVRuIsDJhH3hgPMW5J2KMqTO8Va8gHfnNjWM4H+ZQtFGCPR19VHlVPA==",
      "license": "Apache-2.0",
      "dependencies": {
        "@backstage/config": "^1.3.7",
        "@backstage/errors": "^1.3.0",
        "@backstage/types": "^1.2.2",
        "zod": "^3.25.76 || ^4.0.0",
        "zod-validation-error": "^4.0.2"
      }
    },
    "node_modules/@backstage/frontend-plugin-api": {
      "version": "0.16.2",
      "resolved": "https://registry.npmjs.org/@backstage/frontend-plugin-api/-/frontend-plugin-api-0.16.2.tgz",
      "integrity": "sha512-G6WYcQZPaO1roK/yMu3WPVT3Z/M3fE/8YsfUV/mP+ouMRZGRanKRfDyiA80MEje3c78KMGqAbrInHiMJ/HN05A==",
      "license": "Apache-2.0",
      "dependencies": {
        "@backstage/errors": "^1.3.0",
        "@backstage/filter-predicates": "^0.1.2",
        "@backstage/types": "^1.2.2",
        "@backstage/version-bridge": "^1.0.12",
        "@standard-schema/spec": "^1.1.0",
        "zod": "^4.0.0",
        "zod-to-json-schema": "^3.25.1"
      },
      "peerDependencies": {
        "@types/react": "^17.0.0 || ^18.0.0",
        "react": "^17.0.0 || ^18.0.0",
        "react-dom": "^17.0.0 || ^18.0.0",
        "react-router-dom": "^6.30.2"
      },
      "peerDependenciesMeta": {
        "@types/react": {
          "optional": true
        }
      }
    },
    "node_modules/@backstage/types": {
      "version": "1.2.2",
      "resolved": "https://registry.npmjs.org/@backstage/types/-/types-1.2.2.tgz",
      "integrity": "sha512-gCctHIL3VSCKiffbWDq4Zl2n7g8NPO/dD2ksdOEm9KzWfb5AubsfQzakoKjZ8XvmdaY9jY7j1yRmHSjAqq7rBA==",
      "license": "Apache-2.0"
    },
    "node_modules/@backstage/version-bridge": {
      "version": "1.0.12",
      "resolved": "https://registry.npmjs.org/@backstage/version-bridge/-/version-bridge-1.0.12.tgz",
      "integrity": "sha512-n+JfiPw7KCpGSNG+v47+W2gTwBdRTTkcikLGvm29A7SG91NYDee7fhBhYTXQ1vOHJpj1yBl+2vlrNVTap33Q9g==",
      "license": "Apache-2.0",
      "peerDependencies": {
        "@types/react": "^17.0.0 || ^18.0.0",
        "react": "^17.0.0 || ^18.0.0",
        "react-dom": "^17.0.0 || ^18.0.0",
        "react-router-dom": "^6.30.2"
      },
      "peerDependenciesMeta": {
        "@types/react": {
          "optional": true
        }
      }
    },
    "node_modules/@playwright/test": {
      "version": "1.58.2",
      "resolved": "https://registry.npmjs.org/@playwright/test/-/test-1.58.2.tgz",
      "integrity": "sha512-akea+6bHYBBfA9uQqSYmlJXn61cTa+jbO87xVLCWbTqbWadRVmhxlXATaOjOgcBaWU4ePo0wB41KMFv3o35IXA==",
      "dev": true,
      "license": "Apache-2.0",
      "dependencies": {
        "playwright": "1.58.2"
      },
      "bin": {
        "playwright": "cli.js"
      },
      "engines": {
        "node": ">=18"
      }
    },
    "node_modules/@remix-run/router": {
      "version": "1.23.2",
      "resolved": "https://registry.npmjs.org/@remix-run/router/-/router-1.23.2.tgz",
      "integrity": "sha512-Ic6m2U/rMjTkhERIa/0ZtXJP17QUi2CbWE7cqx4J58M8aA3QTfW+2UlQ4psvTX9IO1RfNVhK3pcpdjej7L+t2w==",
      "license": "MIT",
      "peer": true,
      "engines": {
        "node": ">=14.0.0"
      }
    },
    "node_modules/@standard-schema/spec": {
      "version": "1.1.0",
      "resolved": "https://registry.npmjs.org/@standard-schema/spec/-/spec-1.1.0.tgz",
      "integrity": "sha512-l2aFy5jALhniG5HgqrD6jXLi/rUWrKvqN/qJx6yoJsgKhblVd+iqqU4RCXavm/jPityDo5TCvKMnpjKnOriy0w==",
      "license": "MIT"
    },
    "node_modules/@types/node": {
      "version": "22.19.17",
      "resolved": "https://registry.npmjs.org/@types/node/-/node-22.19.17.tgz",
      "integrity": "sha512-wGdMcf+vPYM6jikpS/qhg6WiqSV/OhG+jeeHT/KlVqxYfD40iYJf9/AE1uQxVWFvU7MipKRkRv8NSHiCGgPr8Q==",
      "dev": true,
      "license": "MIT",
      "dependencies": {
        "undici-types": "~6.21.0"
      }
    },
    "node_modules/axe-core": {
      "version": "4.11.3",
      "resolved": "https://registry.npmjs.org/axe-core/-/axe-core-4.11.3.tgz",
      "integrity": "sha512-zBQouZixDTbo3jMGqHKyePxYxr1e5W8UdTmBQ7sNtaA9M2bE32daxxPLS/jojhKOHxQ7LWwPjfiwf/fhaJWzlg==",
      "license": "MPL-2.0",
      "engines": {
        "node": ">=4"
      }
    },
    "node_modules/fsevents": {
      "version": "2.3.2",
      "resolved": "https://registry.npmjs.org/fsevents/-/fsevents-2.3.2.tgz",
      "integrity": "sha512-xiqMQR4xAeHTuB9uWm+fFRcIOgKBMiOBP+eXiyT7jsgVCq1bkVygt00oASowB7EdtpOHaaPgKt812P9ab+DDKA==",
      "dev": true,
      "hasInstallScript": true,
      "license": "MIT",
      "optional": true,
      "os": [
        "darwin"
      ],
      "engines": {
        "node": "^8.16.0 || ^10.6.0 || >=11.0.0"
      }
    },
    "node_modules/history": {
      "version": "5.3.0",
      "resolved": "https://registry.npmjs.org/history/-/history-5.3.0.tgz",
      "integrity": "sha512-ZqaKwjjrAYUYfLG+htGaIIZ4nioX2L70ZUMIFysS3xvBsSG4x/n1V6TXV3N8ZYNuFGlDirFg32T7B6WOUPDYcQ==",
      "license": "MIT",
      "dependencies": {
        "@babel/runtime": "^7.7.6"
      }
    },
    "node_modules/js-tokens": {
      "version": "4.0.0",
      "resolved": "https://registry.npmjs.org/js-tokens/-/js-tokens-4.0.0.tgz",
      "integrity": "sha512-RdJUflcE3cUzKiMqQgsCu06FPu9UdIJO0beYbPhHN4k6apgJtifcoCtT9bcxOpYBtpD2kCM6Sbzg4CausW/PKQ==",
      "license": "MIT",
      "peer": true
    },
    "node_modules/loose-envify": {
      "version": "1.4.0",
      "resolved": "https://registry.npmjs.org/loose-envify/-/loose-envify-1.4.0.tgz",
      "integrity": "sha512-lyuxPGr/Wfhrlem2CL/UcnUc1zcqKAImBDzukY7Y5F/yQiNdko6+fRLevlw1HgMySw7f611UIY408EtxRSoK3Q==",
      "license": "MIT",
      "peer": true,
      "dependencies": {
        "js-tokens": "^3.0.0 || ^4.0.0"
      },
      "bin": {
        "loose-envify": "cli.js"
      }
    },
    "node_modules/ms": {
      "version": "2.1.3",
      "resolved": "https://registry.npmjs.org/ms/-/ms-2.1.3.tgz",
      "integrity": "sha512-6FlzubTLZG3J2a/NVCAleEhjzq5oxgHyaCU9yYXvcLsvoVaHJq/s5xXI6/XXP6tz7R9xAOtHnSO/tXtF3WRTlA==",
      "license": "MIT"
    },
    "node_modules/playwright": {
      "version": "1.58.2",
      "resolved": "https://registry.npmjs.org/playwright/-/playwright-1.58.2.tgz",
      "integrity": "sha512-vA30H8Nvkq/cPBnNw4Q8TWz1EJyqgpuinBcHET0YVJVFldr8JDNiU9LaWAE1KqSkRYazuaBhTpB5ZzShOezQ6A==",
      "dev": true,
      "license": "Apache-2.0",
      "dependencies": {
        "playwright-core": "1.58.2"
      },
      "bin": {
        "playwright": "cli.js"
      },
      "engines": {
        "node": ">=18"
      },
      "optionalDependencies": {
        "fsevents": "2.3.2"
      }
    },
    "node_modules/playwright-core": {
      "version": "1.58.2",
      "resolved": "https://registry.npmjs.org/playwright-core/-/playwright-core-1.58.2.tgz",
      "integrity": "sha512-yZkEtftgwS8CsfYo7nm0KE8jsvm6i/PTgVtB8DL726wNf6H2IMsDuxCpJj59KDaxCtSnrWan2AeDqM7JBaultg==",
      "license": "Apache-2.0",
      "bin": {
        "playwright-core": "cli.js"
      },
      "engines": {
        "node": ">=18"
      }
    },
    "node_modules/react": {
      "version": "18.3.1",
      "resolved": "https://registry.npmjs.org/react/-/react-18.3.1.tgz",
      "integrity": "sha512-wS+hAgJShR0KhEvPJArfuPVN1+Hz1t0Y6n5jLrGQbkb4urgPE/0Rve+1kMB1v/oWgHgm4WIcV+i7F2pTVj+2iQ==",
      "license": "MIT",
      "peer": true,
      "dependencies": {
        "loose-envify": "^1.1.0"
      },
      "engines": {
        "node": ">=0.10.0"
      }
    },
    "node_modules/react-dom": {
      "version": "18.3.1",
      "resolved": "https://registry.npmjs.org/react-dom/-/react-dom-18.3.1.tgz",
      "integrity": "sha512-5m4nQKp+rZRb09LNH59GM4BxTh9251/ylbKIbpe7TpGxfJ+9kv6BLkLBXIjjspbgbnIBNqlI23tRnTWT0snUIw==",
      "license": "MIT",
      "peer": true,
      "dependencies": {
        "loose-envify": "^1.1.0",
        "scheduler": "^0.23.2"
      },
      "peerDependencies": {
        "react": "^18.3.1"
      }
    },
    "node_modules/react-router": {
      "version": "6.30.3",
      "resolved": "https://registry.npmjs.org/react-router/-/react-router-6.30.3.tgz",
      "integrity": "sha512-XRnlbKMTmktBkjCLE8/XcZFlnHvr2Ltdr1eJX4idL55/9BbORzyZEaIkBFDhFGCEWBBItsVrDxwx3gnisMitdw==",
      "license": "MIT",
      "peer": true,
      "dependencies": {
        "@remix-run/router": "1.23.2"
      },
      "engines": {
        "node": ">=14.0.0"
      },
      "peerDependencies": {
        "react": ">=16.8"
      }
    },
    "node_modules/react-router-dom": {
      "version": "6.30.3",
      "resolved": "https://registry.npmjs.org/react-router-dom/-/react-router-dom-6.30.3.tgz",
      "integrity": "sha512-pxPcv1AczD4vso7G4Z3TKcvlxK7g7TNt3/FNGMhfqyntocvYKj+GCatfigGDjbLozC4baguJ0ReCigoDJXb0ag==",
      "license": "MIT",
      "peer": true,
      "dependencies": {
        "@remix-run/router": "1.23.2",
        "react-router": "6.30.3"
      },
      "engines": {
        "node": ">=14.0.0"
      },
      "peerDependencies": {
        "react": ">=16.8",
        "react-dom": ">=16.8"
      }
    },
    "node_modules/scheduler": {
      "version": "0.23.2",
      "resolved": "https://registry.npmjs.org/scheduler/-/scheduler-0.23.2.tgz",
      "integrity": "sha512-UOShsPwz7NrMUqhR6t0hWjFduvOzbtv7toDH1/hIrfRNIDBnnBWd0CwJTGvTpngVlmwGCdP9/Zl/tVrDqcuYzQ==",
      "license": "MIT",
      "peer": true,
      "dependencies": {
        "loose-envify": "^1.1.0"
      }
    },
    "node_modules/serialize-error": {
      "version": "8.1.0",
      "resolved": "https://registry.npmjs.org/serialize-error/-/serialize-error-8.1.0.tgz",
      "integrity": "sha512-3NnuWfM6vBYoy5gZFvHiYsVbafvI9vZv/+jlIigFn4oP4zjNPK3LhcY0xSCgeb1a5L8jO71Mit9LlNoi2UfDDQ==",
      "license": "MIT",
      "dependencies": {
        "type-fest": "^0.20.2"
      },
      "engines": {
        "node": ">=10"
      },
      "funding": {
        "url": "https://github.com/sponsors/sindresorhus"
      }
    },
    "node_modules/type-fest": {
      "version": "0.20.2",
      "resolved": "https://registry.npmjs.org/type-fest/-/type-fest-0.20.2.tgz",
      "integrity": "sha512-Ne+eE4r0/iWnpAxD852z3A+N0Bt5RN//NjJwRd2VFHEmrywxf5vsZlh4R6lixl6B+wz/8d+maTSAkN1FIkI3LQ==",
      "license": "(MIT OR CC0-1.0)",
      "engines": {
        "node": ">=10"
      },
      "funding": {
        "url": "https://github.com/sponsors/sindresorhus"
      }
    },
    "node_modules/typescript": {
      "version": "5.8.3",
      "resolved": "https://registry.npmjs.org/typescript/-/typescript-5.8.3.tgz",
      "integrity": "sha512-p1diW6TqL9L07nNxvRMM7hMMw4c5XOo/1ibL4aAIGmSAt9slTE1Xgw5KWuof2uTOvCg9BY7ZRi+GaF+7sfgPeQ==",
      "dev": true,
      "license": "Apache-2.0",
      "bin": {
        "tsc": "bin/tsc",
        "tsserver": "bin/tsserver"
      },
      "engines": {
        "node": ">=14.17"
      }
    },
    "node_modules/undici-types": {
      "version": "6.21.0",
      "resolved": "https://registry.npmjs.org/undici-types/-/undici-types-6.21.0.tgz",
      "integrity": "sha512-iwDZqg0QAGrg9Rav5H4n0M64c3mkR59cJ6wQp+7C4nI0gsmExaedaYLNO44eT4AtBBwjbTiGPMlt2Md0T9H9JQ==",
      "dev": true,
      "license": "MIT"
    },
    "node_modules/zod": {
      "version": "4.3.6",
      "resolved": "https://registry.npmjs.org/zod/-/zod-4.3.6.tgz",
      "integrity": "sha512-rftlrkhHZOcjDwkGlnUtZZkvaPHCsDATp4pGpuOOMDaTdDDXF91wuVDJoWoPsKX/3YPQ5fHuF3STjcYyKr+Qhg==",
      "license": "MIT",
      "funding": {
        "url": "https://github.com/sponsors/colinhacks"
      }
    },
    "node_modules/zod-to-json-schema": {
      "version": "3.25.2",
      "resolved": "https://registry.npmjs.org/zod-to-json-schema/-/zod-to-json-schema-3.25.2.tgz",
      "integrity": "sha512-O/PgfnpT1xKSDeQYSCfRI5Gy3hPf91mKVDuYLUHZJMiDFptvP41MSnWofm8dnCm0256ZNfZIM7DSzuSMAFnjHA==",
      "license": "ISC",
      "peerDependencies": {
        "zod": "^3.25.28 || ^4"
      }
    },
    "node_modules/zod-validation-error": {
      "version": "4.0.2",
      "resolved": "https://registry.npmjs.org/zod-validation-error/-/zod-validation-error-4.0.2.tgz",
      "integrity": "sha512-Q6/nZLe6jxuU80qb/4uJ4t5v2VEZ44lzQjPDhYJNztRQ4wyWc6VF3D3Kb/fAuPetZQnhS3hnajCf9CsWesghLQ==",
      "license": "MIT",
      "engines": {
        "node": ">=18.0.0"
      },
      "peerDependencies": {
        "zod": "^3.25.0 || ^4.0.0"
      }
    }
  }
}
